{
  "name": "笔录自检平台（文枢）",
  "lockfileVersion": 3,
  "requires": true,
  "packages": {
    "": {
      "dependencies": {
        "@pxp995/harness-ospx": "^1.0.2"
      }
    },
    "node_modules/@pxp995/harness-ospx": {
      "version": "1.0.2",
      "resolved": "https://registry.npmmirror.com/@pxp995/harness-ospx/-/harness-ospx-1.0.2.tgz",
      "integrity": "sha512-pIQOYRyMFraerfLQrCBeejFXMfETubylGu0MnL5pJ6BdBp+7meMiX/xNYZC8acy+9CyknB5WuELVCibZW39qeQ==",
      "license": "MIT",
      "bin": {
        "harness-ospx": "dist/cli.js"
      },
      "engines": {
        "node": ">=18.0.0",
        "npm": ">=7.0.0"
      }
    }
  }
}
